#MicroXplorer Configuration settings - do not modify
ARM.CMSIS.5.6.0.CMSISJjCORE=true
ARM.CMSIS.5.6.0.CMSISJjCORE.apiComponent0=Device\:IRQ Controller
ARM.CMSIS.5.6.0.CMSISJjCORE.apiComponent1=Device\:OS Tick
ARM.CMSIS.5.6.0.CMSISJjCORE.apiComponent10=CMSIS Driver\:SAI
ARM.CMSIS.5.6.0.CMSISJjCORE.apiComponent11=CMSIS Driver\:I2C
ARM.CMSIS.5.6.0.CMSISJjCORE.apiComponent12=CMSIS Driver\:I2C
ARM.CMSIS.5.6.0.CMSISJjCORE.apiComponent13=CMSIS Driver\:CAN
ARM.CMSIS.5.6.0.CMSISJjCORE.apiComponent14=CMSIS Driver\:CAN
ARM.CMSIS.5.6.0.CMSISJjCORE.apiComponent15=CMSIS Driver\:Flash
ARM.CMSIS.5.6.0.CMSISJjCORE.apiComponent16=CMSIS Driver\:Flash
ARM.CMSIS.5.6.0.CMSISJjCORE.apiComponent17=CMSIS Driver\:MCI
ARM.CMSIS.5.6.0.CMSISJjCORE.apiComponent18=CMSIS Driver\:MCI
ARM.CMSIS.5.6.0.CMSISJjCORE.apiComponent19=CMSIS Driver\:NAND
ARM.CMSIS.5.6.0.CMSISJjCORE.apiComponent2=CMSIS\:RTOS
ARM.CMSIS.5.6.0.CMSISJjCORE.apiComponent20=CMSIS Driver\:NAND
ARM.CMSIS.5.6.0.CMSISJjCORE.apiComponent21=CMSIS Driver\:Ethernet
ARM.CMSIS.5.6.0.CMSISJjCORE.apiComponent22=CMSIS Driver\:Ethernet
ARM.CMSIS.5.6.0.CMSISJjCORE.apiComponent23=CMSIS Driver\:Ethernet
ARM.CMSIS.5.6.0.CMSISJjCORE.apiComponent24=CMSIS Driver\:Ethernet MAC
ARM.CMSIS.5.6.0.CMSISJjCORE.apiComponent25=CMSIS Driver\:Ethernet MAC
ARM.CMSIS.5.6.0.CMSISJjCORE.apiComponent26=CMSIS Driver\:Ethernet PHY
ARM.CMSIS.5.6.0.CMSISJjCORE.apiComponent27=CMSIS Driver\:Ethernet PHY
ARM.CMSIS.5.6.0.CMSISJjCORE.apiComponent28=CMSIS Driver\:USB Device
ARM.CMSIS.5.6.0.CMSISJjCORE.apiComponent29=CMSIS Driver\:USB Device
ARM.CMSIS.5.6.0.CMSISJjCORE.apiComponent3=CMSIS\:RTOS2
ARM.CMSIS.5.6.0.CMSISJjCORE.apiComponent30=CMSIS Driver\:USB Host
ARM.CMSIS.5.6.0.CMSISJjCORE.apiComponent31=CMSIS Driver\:USB Host
ARM.CMSIS.5.6.0.CMSISJjCORE.apiComponent32=CMSIS Driver\:WiFi
ARM.CMSIS.5.6.0.CMSISJjCORE.apiComponent33=CMSIS Driver\:WiFi
ARM.CMSIS.5.6.0.CMSISJjCORE.apiComponent4=CMSIS\:RTOS2
ARM.CMSIS.5.6.0.CMSISJjCORE.apiComponent5=CMSIS Driver\:USART
ARM.CMSIS.5.6.0.CMSISJjCORE.apiComponent6=CMSIS Driver\:USART
ARM.CMSIS.5.6.0.CMSISJjCORE.apiComponent7=CMSIS Driver\:SPI
ARM.CMSIS.5.6.0.CMSISJjCORE.apiComponent8=CMSIS Driver\:SPI
ARM.CMSIS.5.6.0.CMSISJjCORE.apiComponent9=CMSIS Driver\:SAI
ARM.CMSIS.5.6.0.CMSISJjCORE.apiDoc0=CMSIS/Core_A/Include/irq_ctrl.h
ARM.CMSIS.5.6.0.CMSISJjCORE.apiDoc1=CMSIS/RTOS2/Include/os_tick.h
ARM.CMSIS.5.6.0.CMSISJjCORE.apiDoc10=CMSIS/Driver/Include/Driver_SAI.h
ARM.CMSIS.5.6.0.CMSISJjCORE.apiDoc11=CMSIS/Documentation/Driver/html/group__i2c__interface__gr.html
ARM.CMSIS.5.6.0.CMSISJjCORE.apiDoc12=CMSIS/Driver/Include/Driver_I2C.h
ARM.CMSIS.5.6.0.CMSISJjCORE.apiDoc13=CMSIS/Documentation/Driver/html/group__can__interface__gr.html
ARM.CMSIS.5.6.0.CMSISJjCORE.apiDoc14=CMSIS/Driver/Include/Driver_CAN.h
ARM.CMSIS.5.6.0.CMSISJjCORE.apiDoc15=CMSIS/Documentation/Driver/html/group__flash__interface__gr.html
ARM.CMSIS.5.6.0.CMSISJjCORE.apiDoc16=CMSIS/Driver/Include/Driver_Flash.h
ARM.CMSIS.5.6.0.CMSISJjCORE.apiDoc17=CMSIS/Documentation/Driver/html/group__mci__interface__gr.html
ARM.CMSIS.5.6.0.CMSISJjCORE.apiDoc18=CMSIS/Driver/Include/Driver_MCI.h
ARM.CMSIS.5.6.0.CMSISJjCORE.apiDoc19=CMSIS/Documentation/Driver/html/group__nand__interface__gr.html
ARM.CMSIS.5.6.0.CMSISJjCORE.apiDoc2=CMSIS/Documentation/RTOS/html/index.html
ARM.CMSIS.5.6.0.CMSISJjCORE.apiDoc20=CMSIS/Driver/Include/Driver_NAND.h
ARM.CMSIS.5.6.0.CMSISJjCORE.apiDoc21=CMSIS/Documentation/Driver/html/group__eth__interface__gr.html
ARM.CMSIS.5.6.0.CMSISJjCORE.apiDoc22=CMSIS/Driver/Include/Driver_ETH_MAC.h
ARM.CMSIS.5.6.0.CMSISJjCORE.apiDoc23=CMSIS/Driver/Include/Driver_ETH_PHY.h
ARM.CMSIS.5.6.0.CMSISJjCORE.apiDoc24=CMSIS/Documentation/Driver/html/group__eth__mac__interface__gr.html
ARM.CMSIS.5.6.0.CMSISJjCORE.apiDoc25=CMSIS/Driver/Include/Driver_ETH_MAC.h
ARM.CMSIS.5.6.0.CMSISJjCORE.apiDoc26=CMSIS/Documentation/Driver/html/group__eth__phy__interface__gr.html
ARM.CMSIS.5.6.0.CMSISJjCORE.apiDoc27=CMSIS/Driver/Include/Driver_ETH_PHY.h
ARM.CMSIS.5.6.0.CMSISJjCORE.apiDoc28=CMSIS/Documentation/Driver/html/group__usbd__interface__gr.html
ARM.CMSIS.5.6.0.CMSISJjCORE.apiDoc29=CMSIS/Driver/Include/Driver_USBD.h
ARM.CMSIS.5.6.0.CMSISJjCORE.apiDoc3=CMSIS/Documentation/RTOS2/html/index.html
ARM.CMSIS.5.6.0.CMSISJjCORE.apiDoc30=CMSIS/Documentation/Driver/html/group__usbh__interface__gr.html
ARM.CMSIS.5.6.0.CMSISJjCORE.apiDoc31=CMSIS/Driver/Include/Driver_USBH.h
ARM.CMSIS.5.6.0.CMSISJjCORE.apiDoc32=CMSIS/Documentation/Driver/html/group__wifi__interface__gr.html
ARM.CMSIS.5.6.0.CMSISJjCORE.apiDoc33=CMSIS/Driver/Include/Driver_WiFi.h
ARM.CMSIS.5.6.0.CMSISJjCORE.apiDoc4=CMSIS/RTOS2/Include/cmsis_os2.h
ARM.CMSIS.5.6.0.CMSISJjCORE.apiDoc5=CMSIS/Documentation/Driver/html/group__usart__interface__gr.html
ARM.CMSIS.5.6.0.CMSISJjCORE.apiDoc6=CMSIS/Driver/Include/Driver_USART.h
ARM.CMSIS.5.6.0.CMSISJjCORE.apiDoc7=CMSIS/Documentation/Driver/html/group__spi__interface__gr.html
ARM.CMSIS.5.6.0.CMSISJjCORE.apiDoc8=CMSIS/Driver/Include/Driver_SPI.h
ARM.CMSIS.5.6.0.CMSISJjCORE.apiDoc9=CMSIS/Documentation/Driver/html/group__sai__interface__gr.html
ARM.CMSIS.5.6.0.CMSISJjCORE.cmp_version0=5.3.0
ARM.CMSIS.5.6.0.CMSISJjCORE.component0=CMSIS
ARM.CMSIS.5.6.0.CMSISJjCORE.componentDoc0=CMSIS/Documentation/Core/html/index.html
ARM.CMSIS.5.6.0.CMSISJjCORE.description0=CMSIS-CORE for Cortex-M, SC000, SC300, ARMv8-M, ARMv8.1-M
ARM.CMSIS.5.6.0.CMSISJjCORE.diagnostic0=This component should operate correctly.
ARM.CMSIS.5.6.0.CMSISJjCORE.group0=CORE
ARM.CMSIS.5.6.0.CMSISJjCORE.paramName0=CMSISJjCORE
ARM.CMSIS.5.6.0.CMSISJjCORE.sevirity0=none
ARM.CMSIS.5.6.0.CMSISJjCORE_apiSize=34
ARM.CMSIS.5.6.0.CMSISJjCORE_bundle=CMSIS
ARM.CMSIS.5.6.0.CMSISJjCORE_class=CMSIS
ARM.CMSIS.5.6.0.CMSISJjCORE_name=CMSIS
ARM.CMSIS.5.6.0.CMSISJjCORE_size=1
ARM.CMSIS.5.6.0.CMSISJjCORE_vendor=ARM
ARM.CMSIS.5.6.0.CMSISJjCORE_version=5.6.0
ARM.CMSIS.5.6.0.IPParameters=CMSISJjCORE
ARM.CMSIS.5.6.0_CMSISJjCORE_RteComponentsize=0
ARM.CMSIS.5.6.0_CMSISJjDSP_RteComponentsize=0
ARM.CMSIS.5.6.0_CMSISJjNNOoLib_RteComponentsize=0
ARM.CMSIS.5.6.0_CMSISJjRTOS2_RteComponentsize=0
ARM.CMSIS.5.6.0_CMSISJjRTOS_RteComponentsize=0
ARM.CMSIS.5.6.0_CMSISOoDriverJjCAN_RteComponentsize=0
ARM.CMSIS.5.6.0_CMSISOoDriverJjEthernetOoMAC_RteComponentsize=0
ARM.CMSIS.5.6.0_CMSISOoDriverJjEthernetOoPHY_RteComponentsize=0
ARM.CMSIS.5.6.0_CMSISOoDriverJjEthernet_RteComponentsize=0
ARM.CMSIS.5.6.0_CMSISOoDriverJjFlash_RteComponentsize=0
ARM.CMSIS.5.6.0_CMSISOoDriverJjI2C_RteComponentsize=0
ARM.CMSIS.5.6.0_CMSISOoDriverJjMCI_RteComponentsize=0
ARM.CMSIS.5.6.0_CMSISOoDriverJjNAND_RteComponentsize=0
ARM.CMSIS.5.6.0_CMSISOoDriverJjSAI_RteComponentsize=0
ARM.CMSIS.5.6.0_CMSISOoDriverJjSPI_RteComponentsize=0
ARM.CMSIS.5.6.0_CMSISOoDriverJjUSART_RteComponentsize=0
ARM.CMSIS.5.6.0_CMSISOoDriverJjUSBOoDevice_RteComponentsize=0
ARM.CMSIS.5.6.0_CMSISOoDriverJjUSBOoHost_RteComponentsize=0
ARM.CMSIS.5.6.0_CMSISOoDriverJjWiFi_RteComponentsize=0
ARM.CMSIS.5.6.0_DeviceJjIRQOoController_RteComponentsize=0
ARM.CMSIS.5.6.0_DeviceJjOSOoTick_RteComponentsize=0
ARM.CMSIS.5.6.0_DeviceJjStartup_RteComponentsize=0
ARM.CMSIS.5.6.0_SwParameter=CMSISJjCORE\:true;
ARM.CMSIS.5.6.0_description=CMSIS (Cortex Microcontroller Software Interface Standard)
ARM.CMSIS.5.6.0_license=
File.Version=6
KeepUserPlacement=false
Mcu.Family=STM32F1
Mcu.IP0=NVIC
Mcu.IP1=RCC
Mcu.IP2=RTC
Mcu.IP3=SYS
Mcu.IPNb=4
Mcu.Name=STM32F103Z(C-D-E)Tx
Mcu.Package=LQFP144
Mcu.Pin0=PC14-OSC32_IN
Mcu.Pin1=PC15-OSC32_OUT
Mcu.Pin10=PD3
Mcu.Pin11=PD4
Mcu.Pin12=PD5
Mcu.Pin13=PD6
Mcu.Pin14=PD7
Mcu.Pin15=VP_RTC_VS_RTC_Activate
Mcu.Pin16=VP_RTC_VS_RTC_Calendar
Mcu.Pin17=VP_SYS_VS_Systick
Mcu.Pin2=PG4
Mcu.Pin3=PG5
Mcu.Pin4=PG6
Mcu.Pin5=PA13
Mcu.Pin6=PA14
Mcu.Pin7=PD0
Mcu.Pin8=PD1
Mcu.Pin9=PD2
Mcu.PinsNb=18
Mcu.ThirdParty0=ARM.CMSIS.5.6.0
Mcu.ThirdPartyNb=1
Mcu.UserConstants=
Mcu.UserName=STM32F103ZETx
MxCube.Version=5.4.0
MxDb.Version=DB.5.0.40
NVIC.BusFault_IRQn=true\:0\:0\:false\:false\:true\:false\:false
NVIC.DebugMonitor_IRQn=true\:0\:0\:false\:false\:true\:false\:false
NVIC.ForceEnableDMAVector=true
NVIC.HardFault_IRQn=true\:0\:0\:false\:false\:true\:false\:false
NVIC.MemoryManagement_IRQn=true\:0\:0\:false\:false\:true\:false\:false
NVIC.NonMaskableInt_IRQn=true\:0\:0\:false\:false\:true\:false\:false
NVIC.PendSV_IRQn=true\:0\:0\:false\:false\:true\:false\:false
NVIC.PriorityGroup=NVIC_PRIORITYGROUP_4
NVIC.SVCall_IRQn=true\:0\:0\:false\:false\:true\:false\:false
NVIC.SysTick_IRQn=true\:0\:0\:false\:false\:true\:false\:true
NVIC.UsageFault_IRQn=true\:0\:0\:false\:false\:true\:false\:false
PA13.Mode=Serial_Wire
PA13.Signal=SYS_JTMS-SWDIO
PA14.Mode=Serial_Wire
PA14.Signal=SYS_JTCK-SWCLK
PC14-OSC32_IN.Mode=LSE-External-Oscillator
PC14-OSC32_IN.Signal=RCC_OSC32_IN
PC15-OSC32_OUT.Mode=LSE-External-Oscillator
PC15-OSC32_OUT.Signal=RCC_OSC32_OUT
PCC.Checker=false
PCC.Line=STM32F103
PCC.MCU=STM32F103Z(C-D-E)Tx
PCC.PartNumber=STM32F103ZETx
PCC.Seq0=0
PCC.Series=STM32F1
PCC.Temperature=25
PCC.Vdd=3.3
PD0.GPIOParameters=GPIO_Label
PD0.GPIO_Label=D0
PD0.Locked=true
PD0.Signal=GPIO_Output
PD1.GPIOParameters=GPIO_Label
PD1.GPIO_Label=D1
PD1.Locked=true
PD1.Signal=GPIO_Output
PD2.GPIOParameters=GPIO_Label
PD2.GPIO_Label=D2
PD2.Locked=true
PD2.Signal=GPIO_Output
PD3.GPIOParameters=GPIO_Label
PD3.GPIO_Label=D3
PD3.Locked=true
PD3.Signal=GPIO_Output
PD4.GPIOParameters=GPIO_Label
PD4.GPIO_Label=D4
PD4.Locked=true
PD4.Signal=GPIO_Output
PD5.GPIOParameters=GPIO_Label
PD5.GPIO_Label=D5
PD5.Locked=true
PD5.Signal=GPIO_Output
PD6.GPIOParameters=GPIO_Label
PD6.GPIO_Label=D6
PD6.Locked=true
PD6.Signal=GPIO_Output
PD7.GPIOParameters=GPIO_Label
PD7.GPIO_Label=D7
PD7.Locked=true
PD7.Signal=GPIO_Output
PG4.GPIOParameters=GPIO_Label
PG4.GPIO_Label=RS
PG4.Locked=true
PG4.Signal=GPIO_Output
PG5.GPIOParameters=GPIO_Label
PG5.GPIO_Label=RW
PG5.Locked=true
PG5.Signal=GPIO_Output
PG6.GPIOParameters=GPIO_Label
PG6.GPIO_Label=E
PG6.Locked=true
PG6.Signal=GPIO_Output
PinOutPanel.RotationAngle=0
ProjectManager.AskForMigrate=true
ProjectManager.BackupPrevious=false
ProjectManager.CompilerOptimize=6
ProjectManager.ComputerToolchain=false
ProjectManager.CoupleFile=true
ProjectManager.CustomerFirmwarePackage=
ProjectManager.DefaultFWLocation=true
ProjectManager.DeletePrevious=true
ProjectManager.DeviceId=STM32F103ZETx
ProjectManager.FirmwarePackage=STM32Cube FW_F1 V1.8.0
ProjectManager.FreePins=false
ProjectManager.HalAssertFull=false
ProjectManager.HeapSize=0x200
ProjectManager.KeepUserCode=true
ProjectManager.LastFirmware=true
ProjectManager.LibraryCopy=0
ProjectManager.MainLocation=Src
ProjectManager.NoMain=false
ProjectManager.PreviousToolchain=
ProjectManager.ProjectBuild=false
ProjectManager.ProjectFileName=LCD1602.ioc
ProjectManager.ProjectName=LCD1602
ProjectManager.StackSize=0x400
ProjectManager.TargetToolchain=MDK-ARM V5.27
ProjectManager.ToolChainLocation=
ProjectManager.UnderRoot=false
ProjectManager.functionlistsort=1-MX_GPIO_Init-GPIO-false-HAL-true,2-SystemClock_Config-RCC-false-HAL-false,3-MX_RTC_Init-RTC-false-HAL-true
RCC.ADCFreqValue=32000000
RCC.AHBFreq_Value=64000000
RCC.APB1CLKDivider=RCC_HCLK_DIV2
RCC.APB1Freq_Value=32000000
RCC.APB1TimFreq_Value=64000000
RCC.APB2Freq_Value=64000000
RCC.APB2TimFreq_Value=64000000
RCC.FCLKCortexFreq_Value=64000000
RCC.FSMCFreq_Value=64000000
RCC.FamilyName=M
RCC.HCLKFreq_Value=64000000
RCC.I2S2Freq_Value=64000000
RCC.I2S3Freq_Value=64000000
RCC.IPParameters=ADCFreqValue,AHBFreq_Value,APB1CLKDivider,APB1Freq_Value,APB1TimFreq_Value,APB2Freq_Value,APB2TimFreq_Value,FCLKCortexFreq_Value,FSMCFreq_Value,FamilyName,HCLKFreq_Value,I2S2Freq_Value,I2S3Freq_Value,MCOFreq_Value,PLLCLKFreq_Value,PLLMCOFreq_Value,PLLMUL,RCC_MCOSource,RTCClockSelection,RTCFreq_Value,SDIOFreq_Value,SDIOHCLKDiv2FreqValue,SYSCLKFreq_VALUE,SYSCLKSource,TimSysFreq_Value,USBFreq_Value
RCC.MCOFreq_Value=32000000
RCC.PLLCLKFreq_Value=64000000
RCC.PLLMCOFreq_Value=32000000
RCC.PLLMUL=RCC_PLL_MUL16
RCC.RCC_MCOSource=RCC_MCO1SOURCE_PLLCLK
RCC.RTCClockSelection=RCC_RTCCLKSOURCE_LSE
RCC.RTCFreq_Value=32768
RCC.SDIOFreq_Value=64000000
RCC.SDIOHCLKDiv2FreqValue=32000000
RCC.SYSCLKFreq_VALUE=64000000
RCC.SYSCLKSource=RCC_SYSCLKSOURCE_PLLCLK
RCC.TimSysFreq_Value=64000000
RCC.USBFreq_Value=64000000
RTC.Date=20
RTC.Format=RTC_FORMAT_BIN
RTC.Hours=14
RTC.IPParameters=Date,Month,WeekDay,Hours,Minutes,Format,Year
RTC.Minutes=0
RTC.Month=RTC_MONTH_MARCH
RTC.WeekDay=RTC_WEEKDAY_THURSDAY
RTC.Year=20
VP_RTC_VS_RTC_Activate.Mode=RTC_Enabled
VP_RTC_VS_RTC_Activate.Signal=RTC_VS_RTC_Activate
VP_RTC_VS_RTC_Calendar.Mode=RTC_Calendar
VP_RTC_VS_RTC_Calendar.Signal=RTC_VS_RTC_Calendar
VP_SYS_VS_Systick.Mode=SysTick
VP_SYS_VS_Systick.Signal=SYS_VS_Systick
board=custom
